
Microsoft Visual Studio Solution File, Format Version 12.00
# Visual Studio 15
VisualStudioVersion = 15.0.28307.645
MinimumVisualStudioVersion = 10.0.40219.1
Project("{FAE04EC0-301F-11D3-BF4B-00C04F79EFBC}") = "WeatherApp", "WeatherApp\WeatherApp.csproj", "{62DE88C0-9392-4CA7-9D93-1866F04D857A}"
EndProject
Global
	GlobalSection(SolutionConfigurationPlatforms) = preSolution
		Debug|Any CPU = Debug|Any CPU
		Release|Any CPU = Release|Any CPU
	EndGlobalSection
	GlobalSection(ProjectConfigurationPlatforms) = postSolution
		{62DE88C0-9392-4CA7-9D93-1866F04D857A}.Debug|Any CPU.ActiveCfg = Debug|Any CPU
		{62DE88C0-9392-4CA7-9D93-1866F04D857A}.Debug|Any CPU.Build.0 = Debug|Any CPU
		{62DE88C0-9392-4CA7-9D93-1866F04D857A}.Release|Any CPU.ActiveCfg = Release|Any CPU
		{62DE88C0-9392-4CA7-9D93-1866F04D857A}.Release|Any CPU.Build.0 = Release|Any CPU
	EndGlobalSection
	GlobalSection(SolutionProperties) = preSolution
		HideSolutionNode = FALSE
	EndGlobalSection
	GlobalSection(ExtensibilityGlobals) = postSolution
		SolutionGuid = {48ED4395-E7EF-442E-816F-90C0680CB1AC}
	EndGlobalSection
EndGlobal
